# THIS IS AN AUTOGENERATED FILE. DO NOT EDIT THIS FILE DIRECTLY.
# yarn lockfile v1


"@babel/runtime@^7.1.5", "@babel/runtime@^7.10.4", "@babel/runtime@^7.10.5", "@babel/runtime@^7.12.1", "@babel/runtime@^7.12.5", "@babel/runtime@^7.16.3", "@babel/runtime@^7.5.5", "@babel/runtime@^7.6.2", "@babel/runtime@^7.6.3", "@babel/runtime@^7.7.2", "@babel/runtime@^7.8.7":
  version "7.17.2"
  resolved "https://registry.yarnpkg.com/@babel/runtime/-/runtime-7.17.2.tgz#66f68591605e59da47523c631416b18508779941"
  integrity sha512-hzeyJyMA1YGdJTuWU0e/j4wKXrU4OMFvY2MSlaI9B7VQb0r5cxTE3EAIS2Q7Tn2RIcDkRvTA/v2JsAEhxe99uw==
  dependencies:
    regenerator-runtime "^0.13.4"

"@fluentui/react-component-event-listener@~0.51.6":
  version "0.51.7"
  resolved "https://registry.yarnpkg.com/@fluentui/react-component-event-listener/-/react-component-event-listener-0.51.7.tgz#158adb970d8bc982c91c57fd1322a0036042d86e"
  integrity sha512-NjVm+crN0T9A7vITL8alZeHnuV8zi2gos0nezU/2YOxaUAB9E4zKiPxt/6k5U50rJs/gj8Nu45iXxnjO41HbZg==
  dependencies:
    "@babel/runtime" "^7.10.4"

"@fluentui/react-component-ref@~0.51.6":
  version "0.51.7"
  resolved "https://registry.yarnpkg.com/@fluentui/react-component-ref/-/react-component-ref-0.51.7.tgz#bfb0312e926c213bed35e53ee5105a68732eea99"
  integrity sha512-CX27jVJYaFoBCWpuWAizQZ2se137ku1dmDyn8sw+ySNJa+kkQf7LnMydiPW5K7cRdUSqUJW3eS4EjKRvVAx8xA==
  dependencies:
    "@babel/runtime" "^7.10.4"
    react-is "^16.6.3"

"@next/env@12.1.0":
  version "12.1.0"
  resolved "https://registry.yarnpkg.com/@next/env/-/env-12.1.0.tgz#73713399399b34aa5a01771fb73272b55b22c314"
  integrity sha512-nrIgY6t17FQ9xxwH3jj0a6EOiQ/WDHUos35Hghtr+SWN/ntHIQ7UpuvSi0vaLzZVHQWaDupKI+liO5vANcDeTQ==

"@next/swc-android-arm64@12.1.0":
  version "12.1.0"
  resolved "https://registry.yarnpkg.com/@next/swc-android-arm64/-/swc-android-arm64-12.1.0.tgz#865ba3a9afc204ff2bdeea49dd64d58705007a39"
  integrity sha512-/280MLdZe0W03stA69iL+v6I+J1ascrQ6FrXBlXGCsGzrfMaGr7fskMa0T5AhQIVQD4nA/46QQWxG//DYuFBcA==

"@next/swc-darwin-arm64@12.1.0":
  version "12.1.0"
  resolved "https://registry.yarnpkg.com/@next/swc-darwin-arm64/-/swc-darwin-arm64-12.1.0.tgz#08e8b411b8accd095009ed12efbc2f1d4d547135"
  integrity sha512-R8vcXE2/iONJ1Unf5Ptqjk6LRW3bggH+8drNkkzH4FLEQkHtELhvcmJwkXcuipyQCsIakldAXhRbZmm3YN1vXg==

"@next/swc-darwin-x64@12.1.0":
  version "12.1.0"
  resolved "https://registry.yarnpkg.com/@next/swc-darwin-x64/-/swc-darwin-x64-12.1.0.tgz#fcd684497a76e8feaca88db3c394480ff0b007cd"
  integrity sha512-ieAz0/J0PhmbZBB8+EA/JGdhRHBogF8BWaeqR7hwveb6SYEIJaDNQy0I+ZN8gF8hLj63bEDxJAs/cEhdnTq+ug==

"@next/swc-linux-arm-gnueabihf@12.1.0":
  version "12.1.0"
  resolved "https://registry.yarnpkg.com/@next/swc-linux-arm-gnueabihf/-/swc-linux-arm-gnueabihf-12.1.0.tgz#9ec6380a27938a5799aaa6035c205b3c478468a7"
  integrity sha512-njUd9hpl6o6A5d08dC0cKAgXKCzm5fFtgGe6i0eko8IAdtAPbtHxtpre3VeSxdZvuGFh+hb0REySQP9T1ttkog==

"@next/swc-linux-arm64-gnu@12.1.0":
  version "12.1.0"
  resolved "https://registry.yarnpkg.com/@next/swc-linux-arm64-gnu/-/swc-linux-arm64-gnu-12.1.0.tgz#7f4196dff1049cea479607c75b81033ae2dbd093"
  integrity sha512-OqangJLkRxVxMhDtcb7Qn1xjzFA3s50EIxY7mljbSCLybU+sByPaWAHY4px97ieOlr2y4S0xdPKkQ3BCAwyo6Q==

"@next/swc-linux-arm64-musl@12.1.0":
  version "12.1.0"
  resolved "https://registry.yarnpkg.com/@next/swc-linux-arm64-musl/-/swc-linux-arm64-musl-12.1.0.tgz#b445f767569cdc2dddee785ca495e1a88c025566"
  integrity sha512-hB8cLSt4GdmOpcwRe2UzI5UWn6HHO/vLkr5OTuNvCJ5xGDwpPXelVkYW/0+C3g5axbDW2Tym4S+MQCkkH9QfWA==

"@next/swc-linux-x64-gnu@12.1.0":
  version "12.1.0"
  resolved "https://registry.yarnpkg.com/@next/swc-linux-x64-gnu/-/swc-linux-x64-gnu-12.1.0.tgz#67610e9be4fbc987de7535f1bcb17e45fe12f90e"
  integrity sha512-OKO4R/digvrVuweSw/uBM4nSdyzsBV5EwkUeeG4KVpkIZEe64ZwRpnFB65bC6hGwxIBnTv5NMSnJ+0K/WmG78A==

"@next/swc-linux-x64-musl@12.1.0":
  version "12.1.0"
  resolved "https://registry.yarnpkg.com/@next/swc-linux-x64-musl/-/swc-linux-x64-musl-12.1.0.tgz#ea19a23db08a9f2e34ac30401f774cf7d1669d31"
  integrity sha512-JohhgAHZvOD3rQY7tlp7NlmvtvYHBYgY0x5ZCecUT6eCCcl9lv6iV3nfu82ErkxNk1H893fqH0FUpznZ/H3pSw==

"@next/swc-win32-arm64-msvc@12.1.0":
  version "12.1.0"
  resolved "https://registry.yarnpkg.com/@next/swc-win32-arm64-msvc/-/swc-win32-arm64-msvc-12.1.0.tgz#eadf054fc412085659b98e145435bbba200b5283"
  integrity sha512-T/3gIE6QEfKIJ4dmJk75v9hhNiYZhQYAoYm4iVo1TgcsuaKLFa+zMPh4056AHiG6n9tn2UQ1CFE8EoybEsqsSw==

"@next/swc-win32-ia32-msvc@12.1.0":
  version "12.1.0"
  resolved "https://registry.yarnpkg.com/@next/swc-win32-ia32-msvc/-/swc-win32-ia32-msvc-12.1.0.tgz#68faeae10c89f698bf9d28759172b74c9c21bda1"
  integrity sha512-iwnKgHJdqhIW19H9PRPM9j55V6RdcOo6rX+5imx832BCWzkDbyomWnlzBfr6ByUYfhohb8QuH4hSGEikpPqI0Q==

"@next/swc-win32-x64-msvc@12.1.0":
  version "12.1.0"
  resolved "https://registry.yarnpkg.com/@next/swc-win32-x64-msvc/-/swc-win32-x64-msvc-12.1.0.tgz#d27e7e76c87a460a4da99c5bfdb1618dcd6cd064"
  integrity sha512-aBvcbMwuanDH4EMrL2TthNJy+4nP59Bimn8egqv6GHMVj0a44cU6Au4PjOhLNqEh9l+IpRGBqMTzec94UdC5xg==

"@panva/hkdf@^1.0.1":
  version "1.0.1"
  resolved "https://registry.yarnpkg.com/@panva/hkdf/-/hkdf-1.0.1.tgz#ed0da773bd5f794d0603f5a5b5cee6d2354e5660"
  integrity sha512-mMyQ9vjpuFqePkfe5bZVIf/H3Dmk6wA8Kjxff9RcO4kqzJo+Ek9pGKwZHpeMr7Eku0QhLXMCd7fNCSnEnRMubg==

"@popperjs/core@^2.5.3":
  version "2.11.3"
  resolved "https://registry.yarnpkg.com/@popperjs/core/-/core-2.11.3.tgz#f327fcb4f2576bf0b0ea0e65e773495cdf40188b"
  integrity sha512-8U7hIl7+30XbIrJ0deQMXpXESM1L4yrt6BHok5hzcR0LivivuNkk+tHU1iRVScOwCmQcrOr6kvtIr29MNbQHqQ==

"@popperjs/core@^2.6.0":
  version "2.11.2"
  resolved "https://registry.yarnpkg.com/@popperjs/core/-/core-2.11.2.tgz#830beaec4b4091a9e9398ac50f865ddea52186b9"
  integrity sha512-92FRmppjjqz29VMJ2dn+xdyXZBrMlE42AV6Kq6BwjWV7CNUW1hs2FtxSNLQE+gJhaZ6AAmYuO9y8dshhcBl7vA==

"@prisma/client@^3.10.0":
  version "3.10.0"
  resolved "https://registry.yarnpkg.com/@prisma/client/-/client-3.10.0.tgz#4782fe6f1b0e43c2a11a75ad4bb1098599d1dfb1"
  integrity sha512-6P4sV7WFuODSfSoSEzCH1qfmWMrCUBk1LIIuTbQf6m1LI/IOpLN4lnqGDmgiBGprEzuWobnGLfe9YsXLn0inrg==
  dependencies:
    "@prisma/engines-version" "3.10.0-50.73e60b76d394f8d37d8ebd1f8918c79029f0db86"

"@prisma/engines-version@3.10.0-50.73e60b76d394f8d37d8ebd1f8918c79029f0db86":
  version "3.10.0-50.73e60b76d394f8d37d8ebd1f8918c79029f0db86"
  resolved "https://registry.yarnpkg.com/@prisma/engines-version/-/engines-version-3.10.0-50.73e60b76d394f8d37d8ebd1f8918c79029f0db86.tgz#82750856fa637dd89b8f095d2dcc6ac0631231c6"
  integrity sha512-cVYs5gyQH/qyut24hUvDznCfPrWiNMKNfPb9WmEoiU6ihlkscIbCfkmuKTtspVLWRdl0LqjYEC7vfnPv17HWhw==

"@prisma/engines@3.10.0-50.73e60b76d394f8d37d8ebd1f8918c79029f0db86":
  version "3.10.0-50.73e60b76d394f8d37d8ebd1f8918c79029f0db86"
  resolved "https://registry.yarnpkg.com/@prisma/engines/-/engines-3.10.0-50.73e60b76d394f8d37d8ebd1f8918c79029f0db86.tgz#2964113729a78b8b21e186b5592affd1fde73c16"
  integrity sha512-LjRssaWu9w2SrXitofnutRIyURI7l0veQYIALz7uY4shygM9nMcK3omXcObRm7TAcw3Z+9ytfK1B+ySOsOesxQ==

"@restart/hooks@^0.3.25":
  version "0.3.27"
  resolved "https://registry.yarnpkg.com/@restart/hooks/-/hooks-0.3.27.tgz#91f356d66d4699a8cd8b3d008402708b6a9dc505"
  integrity sha512-s984xV/EapUIfkjlf8wz9weP2O9TNKR96C68FfMEy2bE69+H4cNv3RD4Mf97lW7Htt7PjZrYTjSC8f3SB9VCXw==
  dependencies:
    dequal "^2.0.2"

"@semantic-ui-react/event-stack@^3.1.2":
  version "3.1.2"
  resolved "https://registry.yarnpkg.com/@semantic-ui-react/event-stack/-/event-stack-3.1.2.tgz#14fac9796695aa3967962d94ea9733a85325f9c4"
  integrity sha512-Yd0Qf7lPCIjzJ9bZYfurlNu2RDXT6KKSyubHfYK3WjRauhxCsq6Fk2LMRI9DEvShoEU+AsLSv3NGkqXAcVp0zg==
  dependencies:
    exenv "^1.2.2"
    prop-types "^15.6.2"

"@types/prop-types@*":
  version "15.7.4"
  resolved "https://registry.yarnpkg.com/@types/prop-types/-/prop-types-15.7.4.tgz#fcf7205c25dff795ee79af1e30da2c9790808f11"
  integrity sha512-rZ5drC/jWjrArrS8BR6SIr4cWpW09RNTYt9AMZo3Jwwif+iacXAqgVjm0B0Bv/S1jhDXKHqRVNCbACkJ89RAnQ==

"@types/react@>=16.9.11":
  version "17.0.40"
  resolved "https://registry.yarnpkg.com/@types/react/-/react-17.0.40.tgz#dc010cee6254d5239a138083f3799a16638e6bad"
  integrity sha512-UrXhD/JyLH+W70nNSufXqMZNuUD2cXHu6UjCllC6pmOQgBX4SGXOH8fjRka0O0Ee0HrFxapDD8Bwn81Kmiz6jQ==
  dependencies:
    "@types/prop-types" "*"
    "@types/scheduler" "*"
    csstype "^3.0.2"

"@types/scheduler@*":
  version "0.16.2"
  resolved "https://registry.yarnpkg.com/@types/scheduler/-/scheduler-0.16.2.tgz#1a62f89525723dde24ba1b01b092bf5df8ad4d39"
  integrity sha512-hppQEBDmlwhFAXKJX2KnWLYu5yMfi91yazPb2l+lbJiwW+wdo1gNeRA+3RgNSO39WYX2euey41KEwnqesU2Jew==

"@types/warning@^3.0.0":
  version "3.0.0"
  resolved "https://registry.yarnpkg.com/@types/warning/-/warning-3.0.0.tgz#0d2501268ad8f9962b740d387c4654f5f8e23e52"
  integrity sha1-DSUBJorY+ZYrdA04fEZU9fjiPlI=

axios@^0.26.1:
  version "0.26.1"
  resolved "https://registry.yarnpkg.com/axios/-/axios-0.26.1.tgz#1ede41c51fcf51bbbd6fd43669caaa4f0495aaa9"
  integrity sha512-fPwcX4EvnSHuInCMItEhAGnaSEXRBjtzh9fOtsE6E1G6p7vl7edEeZe11QHf18+6+9gR5PbKV/sGKNaD8YaMeA==
  dependencies:
    follow-redirects "^1.14.8"

balanced-match@^1.0.0:
  version "1.0.2"
  resolved "https://registry.yarnpkg.com/balanced-match/-/balanced-match-1.0.2.tgz#e83e3a7e3f300b34cb9d87f615fa0cbf357690ee"
  integrity sha512-3oSeUO0TMV67hN1AmbXsK4yaqU7tjiHlbxRDZOpH0KW9+CeX4bRAaX0Anxt0tx2MrpRpWwQaPwIlISEJhYU5Pw==

big-integer@^1.6.16:
  version "1.6.51"
  resolved "https://registry.yarnpkg.com/big-integer/-/big-integer-1.6.51.tgz#0df92a5d9880560d3ff2d5fd20245c889d130686"
  integrity sha512-GPEid2Y9QU1Exl1rpO9B2IPJGHPSupF5GnVIP0blYvNOMer2bTvSWs1jGOUg04hTmu67nmLsQ9TBo1puaotBHg==

brace-expansion@^1.1.7:
  version "1.1.11"
  resolved "https://registry.yarnpkg.com/brace-expansion/-/brace-expansion-1.1.11.tgz#3c7fcbf529d87226f3d2f52b966ff5271eb441dd"
  integrity sha512-iCuPHDFgrHX7H2vEI/5xpz07zSHB00TpugqhmYtVmMO6518mCuRMoOYFldEBl0g187ufozdaHgWKcYFb61qGiA==
  dependencies:
    balanced-match "^1.0.0"
    concat-map "0.0.1"

broadcast-channel@^3.4.1:
  version "3.7.0"
  resolved "https://registry.yarnpkg.com/broadcast-channel/-/broadcast-channel-3.7.0.tgz#2dfa5c7b4289547ac3f6705f9c00af8723889937"
  integrity sha512-cIAKJXAxGJceNZGTZSBzMxzyOn72cVgPnKx4dc6LRjQgbaJUQqhy5rzL3zbMxkMWsGKkv2hSFkPRMEXfoMZ2Mg==
  dependencies:
    "@babel/runtime" "^7.7.2"
    detect-node "^2.1.0"
    js-sha3 "0.8.0"
    microseconds "0.2.0"
    nano-time "1.0.0"
    oblivious-set "1.0.0"
    rimraf "3.0.2"
    unload "2.2.0"

caniuse-lite@^1.0.30001283:
  version "1.0.30001314"
  resolved "https://registry.yarnpkg.com/caniuse-lite/-/caniuse-lite-1.0.30001314.tgz#65c7f9fb7e4594fca0a333bec1d8939662377596"
  integrity sha512-0zaSO+TnCHtHJIbpLroX7nsD+vYuOVjl3uzFbJO1wMVbuveJA0RK2WcQA9ZUIOiO0/ArMiMgHJLxfEZhQiC0kw==

clsx@^1.0.4, clsx@^1.1.1:
  version "1.1.1"
  resolved "https://registry.yarnpkg.com/clsx/-/clsx-1.1.1.tgz#98b3134f9abbdf23b2663491ace13c5c03a73188"
  integrity sha512-6/bPho624p3S2pMyvP5kKBPXnI3ufHLObBFCfgx+LkeR5lg2XYy2hqZqUf45ypD8COn2bhgGJSUE+l5dhNBieA==

concat-map@0.0.1:
  version "0.0.1"
  resolved "https://registry.yarnpkg.com/concat-map/-/concat-map-0.0.1.tgz#d8a96bd77fd68df7793a73036a3ba0d5405d477b"
  integrity sha1-2Klr13/Wjfd5OnMDajug1UBdR3s=

cookie@^0.4.1:
  version "0.4.2"
  resolved "https://registry.yarnpkg.com/cookie/-/cookie-0.4.2.tgz#0e41f24de5ecf317947c82fc789e06a884824432"
  integrity sha512-aSWTXFzaKWkvHO1Ny/s+ePFpvKsPnjc551iI41v3ny/ow6tBG5Vd+FuqGNhh1LxOmVzOlGUriIlOaokOvhaStA==

csstype@^3.0.2:
  version "3.0.11"
  resolved "https://registry.yarnpkg.com/csstype/-/csstype-3.0.11.tgz#d66700c5eacfac1940deb4e3ee5642792d85cd33"
  integrity sha512-sa6P2wJ+CAbgyy4KFssIb/JNMLxFvKF1pCYCSXS8ZMuqZnMsrxqI2E5sPyoTpxoPU/gVZMzr2zjOfg8GIZOMsw==

date-arithmetic@^4.1.0:
  version "4.1.0"
  resolved "https://registry.yarnpkg.com/date-arithmetic/-/date-arithmetic-4.1.0.tgz#e5d6434e9deb71f79760a37b729e4a515e730ddf"
  integrity sha512-QWxYLR5P/6GStZcdem+V1xoto6DMadYWpMXU82ES3/RfR3Wdwr3D0+be7mgOJ+Ov0G9D5Dmb9T17sNLQYj9XOg==

dequal@^2.0.2:
  version "2.0.2"
  resolved "https://registry.yarnpkg.com/dequal/-/dequal-2.0.2.tgz#85ca22025e3a87e65ef75a7a437b35284a7e319d"
  integrity sha512-q9K8BlJVxK7hQYqa6XISGmBZbtQQWVXSrRrWreHC94rMt1QL/Impruc+7p2CYSYuVIUr+YCt6hjrs1kkdJRTug==

detect-node@^2.0.4, detect-node@^2.1.0:
  version "2.1.0"
  resolved "https://registry.yarnpkg.com/detect-node/-/detect-node-2.1.0.tgz#c9c70775a49c3d03bc2c06d9a73be550f978f8b1"
  integrity sha512-T0NIuQpnTvFDATNuHN5roPwSBG83rFsuO+MXXH9/3N1eFbn4wcPjttvjMLEPWJ0RGUYgQE7cGgS3tNxbqCGM7g==

dom-helpers@^5.1.0, dom-helpers@^5.2.0:
  version "5.2.1"
  resolved "https://registry.yarnpkg.com/dom-helpers/-/dom-helpers-5.2.1.tgz#d9400536b2bf8225ad98fe052e029451ac40e902"
  integrity sha512-nRCa7CK3VTrM2NmGkIy4cbK7IZlgBE/PYMn55rrXefr5xXDP0LdtfPnblFDoVdcAfslJ7or6iqAUnx0CCGIWQA==
  dependencies:
    "@babel/runtime" "^7.8.7"
    csstype "^3.0.2"

exenv@^1.2.2:
  version "1.2.2"
  resolved "https://registry.yarnpkg.com/exenv/-/exenv-1.2.2.tgz#2ae78e85d9894158670b03d47bec1f03bd91bb9d"
  integrity sha1-KueOhdmJQVhnCwPUe+wfA72Ru50=

follow-redirects@^1.14.8:
  version "1.14.9"
  resolved "https://registry.yarnpkg.com/follow-redirects/-/follow-redirects-1.14.9.tgz#dd4ea157de7bfaf9ea9b3fbd85aa16951f78d8d7"
  integrity sha512-MQDfihBQYMcyy5dhRDJUHcw7lb2Pv/TuE6xP1vyraLukNDHKbDxDNaOE3NbCAdKQApno+GPRyo1YAp89yCjK4w==

fs.realpath@^1.0.0:
  version "1.0.0"
  resolved "https://registry.yarnpkg.com/fs.realpath/-/fs.realpath-1.0.0.tgz#1504ad2523158caa40db4a2787cb01411994ea4f"
  integrity sha1-FQStJSMVjKpA20onh8sBQRmU6k8=

glob@^7.1.3:
  version "7.2.0"
  resolved "https://registry.yarnpkg.com/glob/-/glob-7.2.0.tgz#d15535af7732e02e948f4c41628bd910293f6023"
  integrity sha512-lmLf6gtyrPq8tTjSmrO94wBeQbFR3HbLHbuyD69wuyQkImp2hWqMGB47OX65FBkPffO641IP9jWa1z4ivqG26Q==
  dependencies:
    fs.realpath "^1.0.0"
    inflight "^1.0.4"
    inherits "2"
    minimatch "^3.0.4"
    once "^1.3.0"
    path-is-absolute "^1.0.0"

inflight@^1.0.4:
  version "1.0.6"
  resolved "https://registry.yarnpkg.com/inflight/-/inflight-1.0.6.tgz#49bd6331d7d02d0c09bc910a1075ba8165b56df9"
  integrity sha1-Sb1jMdfQLQwJvJEKEHW6gWW1bfk=
  dependencies:
    once "^1.3.0"
    wrappy "1"

inherits@2:
  version "2.0.4"
  resolved "https://registry.yarnpkg.com/inherits/-/inherits-2.0.4.tgz#0fa2c64f932917c3433a0ded55363aae37416b7c"
  integrity sha512-k/vGaX4/Yla3WzyMCvTQOXYeIHvqOKtnqBduzTHpzpQZzAskKMhZ2K+EnBiSM9zGSoIFeMpXKxa4dYeZIQqewQ==

invariant@^2.2.4:
  version "2.2.4"
  resolved "https://registry.yarnpkg.com/invariant/-/invariant-2.2.4.tgz#610f3c92c9359ce1db616e538008d23ff35158e6"
  integrity sha512-phJfQVBuaJM5raOpJjSfkiD6BpbCE4Ns//LaXl6wGYtUBY83nWS6Rf9tXm2e8VaK60JEjYldbPif/A2B1C2gNA==
  dependencies:
    loose-envify "^1.0.0"

jose@^4.1.4, jose@^4.3.7:
  version "4.6.0"
  resolved "https://registry.yarnpkg.com/jose/-/jose-4.6.0.tgz#f3ff007ddcbce462c091d3d41b7af2e35dec348c"
  integrity sha512-0hNAkhMBNi4soKSAX4zYOFV+aqJlEz/4j4fregvasJzEVtjDChvWqRjPvHwLqr5hx28Ayr6bsOs1Kuj87V0O8w==

jquery@x.*:
  version "3.6.0"
  resolved "https://registry.yarnpkg.com/jquery/-/jquery-3.6.0.tgz#c72a09f15c1bdce142f49dbf1170bdf8adac2470"
  integrity sha512-JVzAR/AjBvVt2BmYhxRCSYysDsPcssdmTFnzyLEts9qNwmjmu4JTAMYubEfwVOSwpQ1I1sKKFcxhZCI2buerfw==

js-sha3@0.8.0:
  version "0.8.0"
  resolved "https://registry.yarnpkg.com/js-sha3/-/js-sha3-0.8.0.tgz#b9b7a5da73afad7dedd0f8c463954cbde6818840"
  integrity sha512-gF1cRrHhIzNfToc802P800N8PpXS+evLLXfsVpowqmAFR9uwbi89WvXg2QspOmXL8QL86J4T1EpFu+yUkwJY3Q==

"js-tokens@^3.0.0 || ^4.0.0":
  version "4.0.0"
  resolved "https://registry.yarnpkg.com/js-tokens/-/js-tokens-4.0.0.tgz#19203fb59991df98e3a287050d4647cdeaf32499"
  integrity sha512-RdJUflcE3cUzKiMqQgsCu06FPu9UdIJO0beYbPhHN4k6apgJtifcoCtT9bcxOpYBtpD2kCM6Sbzg4CausW/PKQ==

keyboard-key@^1.1.0:
  version "1.1.0"
  resolved "https://registry.yarnpkg.com/keyboard-key/-/keyboard-key-1.1.0.tgz#6f2e8e37fa11475bb1f1d65d5174f1b35653f5b7"
  integrity sha512-qkBzPTi3rlAKvX7k0/ub44sqOfXeLc/jcnGGmj5c7BJpU8eDrEVPyhCvNYAaoubbsLm9uGWwQJO1ytQK1a9/dQ==

lodash-es@^4.17.11, lodash-es@^4.17.21:
  version "4.17.21"
  resolved "https://registry.yarnpkg.com/lodash-es/-/lodash-es-4.17.21.tgz#43e626c46e6591b7750beb2b50117390c609e3ee"
  integrity sha512-mKnC+QJ9pWVzv+C4/U3rRsHapFfHvQFoFB92e52xeyGMcX6/OlIl78je1u8vePzYZSkkogMPJ2yjxxsb89cxyw==

lodash@^4.17.11, lodash@^4.17.21:
  version "4.17.21"
  resolved "https://registry.yarnpkg.com/lodash/-/lodash-4.17.21.tgz#679591c564c3bffaae8454cf0b3df370c3d6911c"
  integrity sha512-v2kDEe57lecTulaDIuNTPy3Ry4gLGJ6Z1O3vE1krgXZNrsQ+LFTGHVxVjcXPs17LhbZVGedAJv8XZ1tvj5FvSg==

loose-envify@^1.0.0, loose-envify@^1.1.0, loose-envify@^1.4.0:
  version "1.4.0"
  resolved "https://registry.yarnpkg.com/loose-envify/-/loose-envify-1.4.0.tgz#71ee51fa7be4caec1a63839f7e682d8132d30caf"
  integrity sha512-lyuxPGr/Wfhrlem2CL/UcnUc1zcqKAImBDzukY7Y5F/yQiNdko6+fRLevlw1HgMySw7f611UIY408EtxRSoK3Q==
  dependencies:
    js-tokens "^3.0.0 || ^4.0.0"

lru-cache@^6.0.0:
  version "6.0.0"
  resolved "https://registry.yarnpkg.com/lru-cache/-/lru-cache-6.0.0.tgz#6d6fe6570ebd96aaf90fcad1dafa3b2566db3a94"
  integrity sha512-Jo6dJ04CmSjuznwJSS3pUeWmd/H0ffTlkXXgwZi+eq1UCmqQwCh+eLsYOYCwY991i2Fah4h1BEMCx4qThGbsiA==
  dependencies:
    yallist "^4.0.0"

match-sorter@^6.0.2:
  version "6.3.1"
  resolved "https://registry.yarnpkg.com/match-sorter/-/match-sorter-6.3.1.tgz#98cc37fda756093424ddf3cbc62bfe9c75b92bda"
  integrity sha512-mxybbo3pPNuA+ZuCUhm5bwNkXrJTbsk5VWbR5wiwz/GC6LIiegBGn2w3O08UG/jdbYLinw51fSQ5xNU1U3MgBw==
  dependencies:
    "@babel/runtime" "^7.12.5"
    remove-accents "0.4.2"

memoize-one@^5.1.1:
  version "5.2.1"
  resolved "https://registry.yarnpkg.com/memoize-one/-/memoize-one-5.2.1.tgz#8337aa3c4335581839ec01c3d594090cebe8f00e"
  integrity sha512-zYiwtZUcYyXKo/np96AGZAckk+FWWsUdJ3cHGGmld7+AhvcWmQyGCYUh1hc4Q/pkOhb65dQR/pqCyK0cOaHz4Q==

microseconds@0.2.0:
  version "0.2.0"
  resolved "https://registry.yarnpkg.com/microseconds/-/microseconds-0.2.0.tgz#233b25f50c62a65d861f978a4a4f8ec18797dc39"
  integrity sha512-n7DHHMjR1avBbSpsTBj6fmMGh2AGrifVV4e+WYc3Q9lO+xnSZ3NyhcBND3vzzatt05LFhoKFRxrIyklmLlUtyA==

minimatch@^3.0.4:
  version "3.1.2"
  resolved "https://registry.yarnpkg.com/minimatch/-/minimatch-3.1.2.tgz#19cd194bfd3e428f049a70817c038d89ab4be35b"
  integrity sha512-J7p63hRiAjw1NDEww1W7i37+ByIrOWO5XQQAzZ3VOcL0PNybwpfmV/N05zFAzwQ9USyEcX6t3UO+K5aqBQOIHw==
  dependencies:
    brace-expansion "^1.1.7"

moment@^2.29.1:
  version "2.29.1"
  resolved "https://registry.yarnpkg.com/moment/-/moment-2.29.1.tgz#b2be769fa31940be9eeea6469c075e35006fa3d3"
  integrity sha512-kHmoybcPV8Sqy59DwNDY3Jefr64lK/by/da0ViFcuA4DH0vQg5Q6Ze5VimxkfQNSC+Mls/Kx53s7TjP1RhFEDQ==

nano-time@1.0.0:
  version "1.0.0"
  resolved "https://registry.yarnpkg.com/nano-time/-/nano-time-1.0.0.tgz#b0554f69ad89e22d0907f7a12b0993a5d96137ef"
  integrity sha1-sFVPaa2J4i0JB/ehKwmTpdlhN+8=
  dependencies:
    big-integer "^1.6.16"

nanoid@^3.1.30:
  version "3.3.1"
  resolved "https://registry.yarnpkg.com/nanoid/-/nanoid-3.3.1.tgz#6347a18cac88af88f58af0b3594b723d5e99bb35"
  integrity sha512-n6Vs/3KGyxPQd6uO0eH4Bv0ojGSUvuLlIHtC3Y0kEO23YRge8H9x1GCzLn28YX0H66pMkxuaeESFq4tKISKwdw==

next-auth@^4.2.1:
  version "4.2.1"
  resolved "https://registry.yarnpkg.com/next-auth/-/next-auth-4.2.1.tgz#042e4858d9f67b4f702d3a55bae0d2f04db3cac3"
  integrity sha512-XDtt7nqevkNf4EJ2zKAKkI+MFsURf11kx11vPwxrBYA1MHeqWwaWbGOUOI2ekNTvfAg4nTEJJUH3LV2cLrH3Tg==
  dependencies:
    "@babel/runtime" "^7.16.3"
    "@panva/hkdf" "^1.0.1"
    cookie "^0.4.1"
    jose "^4.3.7"
    oauth "^0.9.15"
    openid-client "^5.1.0"
    preact "^10.6.3"
    preact-render-to-string "^5.1.19"
    uuid "^8.3.2"

next-connect@^0.12.2:
  version "0.12.2"
  resolved "https://registry.yarnpkg.com/next-connect/-/next-connect-0.12.2.tgz#8191db0f03c80f8f4dbbe80e643a48cb3c9a20b9"
  integrity sha512-B/zKHPs5S7XWvAVsZVLvOeY2eL2U3g0W/BgCDetEJRcNDzxX2vi8rzqBuEoLLPlI8LvtHwujDVUFFjSgOEZTbA==
  dependencies:
    trouter "^3.2.0"

next@^12.1.0:
  version "12.1.0"
  resolved "https://registry.yarnpkg.com/next/-/next-12.1.0.tgz#c33d753b644be92fc58e06e5a214f143da61dd5d"
  integrity sha512-s885kWvnIlxsUFHq9UGyIyLiuD0G3BUC/xrH0CEnH5lHEWkwQcHOORgbDF0hbrW9vr/7am4ETfX4A7M6DjrE7Q==
  dependencies:
    "@next/env" "12.1.0"
    caniuse-lite "^1.0.30001283"
    postcss "8.4.5"
    styled-jsx "5.0.0"
    use-subscription "1.5.1"
  optionalDependencies:
    "@next/swc-android-arm64" "12.1.0"
    "@next/swc-darwin-arm64" "12.1.0"
    "@next/swc-darwin-x64" "12.1.0"
    "@next/swc-linux-arm-gnueabihf" "12.1.0"
    "@next/swc-linux-arm64-gnu" "12.1.0"
    "@next/swc-linux-arm64-musl" "12.1.0"
    "@next/swc-linux-x64-gnu" "12.1.0"
    "@next/swc-linux-x64-musl" "12.1.0"
    "@next/swc-win32-arm64-msvc" "12.1.0"
    "@next/swc-win32-ia32-msvc" "12.1.0"
    "@next/swc-win32-x64-msvc" "12.1.0"

oauth@^0.9.15:
  version "0.9.15"
  resolved "https://registry.yarnpkg.com/oauth/-/oauth-0.9.15.tgz#bd1fefaf686c96b75475aed5196412ff60cfb9c1"
  integrity sha1-vR/vr2hslrdUda7VGWQS/2DPucE=

object-assign@^4.1.1:
  version "4.1.1"
  resolved "https://registry.yarnpkg.com/object-assign/-/object-assign-4.1.1.tgz#2109adc7965887cfc05cbbd442cac8bfbb360863"
  integrity sha1-IQmtx5ZYh8/AXLvUQsrIv7s2CGM=

object-hash@^2.0.1:
  version "2.2.0"
  resolved "https://registry.yarnpkg.com/object-hash/-/object-hash-2.2.0.tgz#5ad518581eefc443bd763472b8ff2e9c2c0d54a5"
  integrity sha512-gScRMn0bS5fH+IuwyIFgnh9zBdo4DV+6GhygmWM9HyNJSgS0hScp1f5vjtm7oIIOiT9trXrShAkLFSc2IqKNgw==

oblivious-set@1.0.0:
  version "1.0.0"
  resolved "https://registry.yarnpkg.com/oblivious-set/-/oblivious-set-1.0.0.tgz#c8316f2c2fb6ff7b11b6158db3234c49f733c566"
  integrity sha512-z+pI07qxo4c2CulUHCDf9lcqDlMSo72N/4rLUpRXf6fu+q8vjt8y0xS+Tlf8NTJDdTXHbdeO1n3MlbctwEoXZw==

oidc-token-hash@^5.0.1:
  version "5.0.1"
  resolved "https://registry.yarnpkg.com/oidc-token-hash/-/oidc-token-hash-5.0.1.tgz#ae6beec3ec20f0fd885e5400d175191d6e2f10c6"
  integrity sha512-EvoOtz6FIEBzE+9q253HsLCVRiK/0doEJ2HCvvqMQb3dHZrP3WlJKYtJ55CRTw4jmYomzH4wkPuCj/I3ZvpKxQ==

once@^1.3.0:
  version "1.4.0"
  resolved "https://registry.yarnpkg.com/once/-/once-1.4.0.tgz#583b1aa775961d4b113ac17d9c50baef9dd76bd1"
  integrity sha1-WDsap3WWHUsROsF9nFC6753Xa9E=
  dependencies:
    wrappy "1"

openid-client@^5.1.0:
  version "5.1.4"
  resolved "https://registry.yarnpkg.com/openid-client/-/openid-client-5.1.4.tgz#1d7c44da8fcf5861c585a2f7ffe4ffe152f2abd5"
  integrity sha512-36/PZY3rDgiIFj2uCL9a1fILPmIwu3HksoWO4mukgXe74ZOsEisJMMqTMfmPNw6j/7kO0mBc2xqy4eYRrB8xPA==
  dependencies:
    jose "^4.1.4"
    lru-cache "^6.0.0"
    object-hash "^2.0.1"
    oidc-token-hash "^5.0.1"

path-is-absolute@^1.0.0:
  version "1.0.1"
  resolved "https://registry.yarnpkg.com/path-is-absolute/-/path-is-absolute-1.0.1.tgz#174b9268735534ffbc7ace6bf53a5a9e1b5c5f5f"
  integrity sha1-F0uSaHNVNP+8es5r9TpanhtcX18=

picocolors@^1.0.0:
  version "1.0.0"
  resolved "https://registry.yarnpkg.com/picocolors/-/picocolors-1.0.0.tgz#cb5bdc74ff3f51892236eaf79d68bc44564ab81c"
  integrity sha512-1fygroTLlHu66zi26VoTDv8yRgm0Fccecssto+MhsZ0D/DGW2sm8E8AjW7NU5VVTRt5GxbeZ5qBuJr+HyLYkjQ==

postcss@8.4.5:
  version "8.4.5"
  resolved "https://registry.yarnpkg.com/postcss/-/postcss-8.4.5.tgz#bae665764dfd4c6fcc24dc0fdf7e7aa00cc77f95"
  integrity sha512-jBDboWM8qpaqwkMwItqTQTiFikhs/67OYVvblFFTM7MrZjt6yMKd6r2kgXizEbTTljacm4NldIlZnhbjr84QYg==
  dependencies:
    nanoid "^3.1.30"
    picocolors "^1.0.0"
    source-map-js "^1.0.1"

preact-render-to-string@^5.1.19:
  version "5.1.20"
  resolved "https://registry.yarnpkg.com/preact-render-to-string/-/preact-render-to-string-5.1.20.tgz#9e61a478e8514e5c4140282c7c43d9747a6d32a9"
  integrity sha512-ivh2oOGzth0o7XqbatWUQ81WQGoJwSqDKP5z917SoqTWYCAr7dlBzMv3SAMTAu3Gr5g47BJwrvyO44H2Y10ubg==
  dependencies:
    pretty-format "^3.8.0"

preact@^10.6.3:
  version "10.6.6"
  resolved "https://registry.yarnpkg.com/preact/-/preact-10.6.6.tgz#f1899bc8dab7c0788b858481532cb3b5d764a520"
  integrity sha512-dgxpTFV2vs4vizwKohYKkk7g7rmp1wOOcfd4Tz3IB3Wi+ivZzsn/SpeKJhRENSE+n8sUfsAl4S3HiCVT923ABw==

pretty-format@^3.8.0:
  version "3.8.0"
  resolved "https://registry.yarnpkg.com/pretty-format/-/pretty-format-3.8.0.tgz#bfbed56d5e9a776645f4b1ff7aa1a3ac4fa3c385"
  integrity sha1-v77VbV6ad2ZF9LH/eqGjrE+jw4U=

prisma@^3.10.0:
  version "3.10.0"
  resolved "https://registry.yarnpkg.com/prisma/-/prisma-3.10.0.tgz#872d87afbeb1cbcaa77c3d6a63c125e0d704b04d"
  integrity sha512-dAld12vtwdz9Rz01nOjmnXe+vHana5PSog8t0XGgLemKsUVsaupYpr74AHaS3s78SaTS5s2HOghnJF+jn91ZrA==
  dependencies:
    "@prisma/engines" "3.10.0-50.73e60b76d394f8d37d8ebd1f8918c79029f0db86"

prop-types@^15.6.2, prop-types@^15.7.2:
  version "15.8.1"
  resolved "https://registry.yarnpkg.com/prop-types/-/prop-types-15.8.1.tgz#67d87bf1a694f48435cf332c24af10214a3140b5"
  integrity sha512-oj87CgZICdulUohogVAR7AjlC0327U4el4L6eAvOqCeudMDVU0NThNaV+b9Df4dXgSP1gXMTnPdhfe/2qDH5cg==
  dependencies:
    loose-envify "^1.4.0"
    object-assign "^4.1.1"
    react-is "^16.13.1"

react-big-calendar@^0.39.3:
  version "0.39.3"
  resolved "https://registry.yarnpkg.com/react-big-calendar/-/react-big-calendar-0.39.3.tgz#82d2c582a7815081bc91b009eac6c8e9a2cc6fd6"
  integrity sha512-RLymspfoBeYNBMvKnpMSpHtUAsJhv1Cbp1sE6aE7huQ92xT0mgnFDxUSoWc//C5J8WbYWLtlld521eisNJSjNw==
  dependencies:
    "@babel/runtime" "^7.1.5"
    clsx "^1.0.4"
    date-arithmetic "^4.1.0"
    dom-helpers "^5.1.0"
    invariant "^2.2.4"
    lodash "^4.17.11"
    lodash-es "^4.17.11"
    memoize-one "^5.1.1"
    prop-types "^15.7.2"
    react-overlays "^4.1.1"
    uncontrollable "^7.0.0"

react-dom@^17.0.2:
  version "17.0.2"
  resolved "https://registry.yarnpkg.com/react-dom/-/react-dom-17.0.2.tgz#ecffb6845e3ad8dbfcdc498f0d0a939736502c23"
  integrity sha512-s4h96KtLDUQlsENhMn1ar8t2bEa+q/YAtj8pPPdIjPDGBDIVNsrD9aXNWqspUe6AzKCIG0C1HZZLqLV7qpOBGA==
  dependencies:
    loose-envify "^1.1.0"
    object-assign "^4.1.1"
    scheduler "^0.20.2"

react-fast-compare@^3.0.1:
  version "3.2.0"
  resolved "https://registry.yarnpkg.com/react-fast-compare/-/react-fast-compare-3.2.0.tgz#641a9da81b6a6320f270e89724fb45a0b39e43bb"
  integrity sha512-rtGImPZ0YyLrscKI9xTpV8psd6I8VAtjKCzQDlzyDvqJA8XOW78TXYQwNRNd8g8JZnDu8q9Fu/1v4HPAVwVdHA==

react-is@^16.13.1, react-is@^16.6.3:
  version "16.13.1"
  resolved "https://registry.yarnpkg.com/react-is/-/react-is-16.13.1.tgz#789729a4dc36de2999dc156dd6c1d9c18cea56a4"
  integrity sha512-24e6ynE2H+OKt4kqsOvNd8kBpV65zoxbA4BVsEOB3ARVWQki/DHzaUoC5KuON/BiccDaCCTZBuOcfZs70kR8bQ==

"react-is@^16.8.6 || ^17.0.0":
  version "17.0.2"
  resolved "https://registry.yarnpkg.com/react-is/-/react-is-17.0.2.tgz#e691d4a8e9c789365655539ab372762b0efb54f0"
  integrity sha512-w2GsyukL62IJnlaff/nRegPQR94C/XXamvMWmSHRJ4y7Ts/4ocGRmTHvOs8PSE6pB3dWOrD/nueuU5sduBsQ4w==

react-lifecycles-compat@^3.0.4:
  version "3.0.4"
  resolved "https://registry.yarnpkg.com/react-lifecycles-compat/-/react-lifecycles-compat-3.0.4.tgz#4f1a273afdfc8f3488a8c516bfda78f872352362"
  integrity sha512-fBASbA6LnOU9dOU2eW7aQ8xmYBSXUIWr+UmF9b1efZBazGNO+rcXT/icdKnYm2pTwcRylVUYwW7H1PHfLekVzA==

react-overlays@^4.1.1:
  version "4.1.1"
  resolved "https://registry.yarnpkg.com/react-overlays/-/react-overlays-4.1.1.tgz#0060107cbe1c5171a744ccda3fbf0556d064bc5f"
  integrity sha512-WtJifh081e6M24KnvTQoNjQEpz7HoLxqt8TwZM7LOYIkYJ8i/Ly1Xi7RVte87ZVnmqQ4PFaFiNHZhSINPSpdBQ==
  dependencies:
    "@babel/runtime" "^7.12.1"
    "@popperjs/core" "^2.5.3"
    "@restart/hooks" "^0.3.25"
    "@types/warning" "^3.0.0"
    dom-helpers "^5.2.0"
    prop-types "^15.7.2"
    uncontrollable "^7.0.0"
    warning "^4.0.3"

react-popper@^2.2.4:
  version "2.2.5"
  resolved "https://registry.yarnpkg.com/react-popper/-/react-popper-2.2.5.tgz#1214ef3cec86330a171671a4fbcbeeb65ee58e96"
  integrity sha512-kxGkS80eQGtLl18+uig1UIf9MKixFSyPxglsgLBxlYnyDf65BiY9B3nZSc6C9XUNDgStROB0fMQlTEz1KxGddw==
  dependencies:
    react-fast-compare "^3.0.1"
    warning "^4.0.2"

react-query@^3.34.16:
  version "3.34.16"
  resolved "https://registry.yarnpkg.com/react-query/-/react-query-3.34.16.tgz#279ea180bcaeaec49c7864b29d1711ee9f152594"
  integrity sha512-7FvBvjgEM4YQ8nPfmAr+lJfbW95uyW/TVjFoi2GwCkF33/S8ajx45tuPHPFGWs4qYwPy1mzwxD4IQfpUDrefNQ==
  dependencies:
    "@babel/runtime" "^7.5.5"
    broadcast-channel "^3.4.1"
    match-sorter "^6.0.2"

react@^17.0.2:
  version "17.0.2"
  resolved "https://registry.yarnpkg.com/react/-/react-17.0.2.tgz#d0b5cc516d29eb3eee383f75b62864cfb6800037"
  integrity sha512-gnhPt75i/dq/z3/6q/0asP78D0u592D5L1pd7M8P+dck6Fu/jJeL6iVVK23fptSUZj8Vjf++7wXA8UNclGQcbA==
  dependencies:
    loose-envify "^1.1.0"
    object-assign "^4.1.1"

regenerator-runtime@^0.13.4:
  version "0.13.9"
  resolved "https://registry.yarnpkg.com/regenerator-runtime/-/regenerator-runtime-0.13.9.tgz#8925742a98ffd90814988d7566ad30ca3b263b52"
  integrity sha512-p3VT+cOEgxFsRRA9X4lkI1E+k2/CtnKtU4gcxyaCUreilL/vqI6CdZ3wxVUx3UOUg+gnUOQQcRI7BmSI656MYA==

regexparam@^1.3.0:
  version "1.3.0"
  resolved "https://registry.yarnpkg.com/regexparam/-/regexparam-1.3.0.tgz#2fe42c93e32a40eff6235d635e0ffa344b92965f"
  integrity sha512-6IQpFBv6e5vz1QAqI+V4k8P2e/3gRrqfCJ9FI+O1FLQTO+Uz6RXZEZOPmTJ6hlGj7gkERzY5BRCv09whKP96/g==

remove-accents@0.4.2:
  version "0.4.2"
  resolved "https://registry.yarnpkg.com/remove-accents/-/remove-accents-0.4.2.tgz#0a43d3aaae1e80db919e07ae254b285d9e1c7bb5"
  integrity sha1-CkPTqq4egNuRngeuJUsoXZ4ce7U=

rimraf@3.0.2:
  version "3.0.2"
  resolved "https://registry.yarnpkg.com/rimraf/-/rimraf-3.0.2.tgz#f1a5402ba6220ad52cc1282bac1ae3aa49fd061a"
  integrity sha512-JZkJMZkAGFFPP2YqXZXPbMlMBgsxzE8ILs4lMIX/2o0L9UBw9O/Y3o6wFw/i9YLapcUJWwqbi3kdxIPdC62TIA==
  dependencies:
    glob "^7.1.3"

scheduler@^0.20.2:
  version "0.20.2"
  resolved "https://registry.yarnpkg.com/scheduler/-/scheduler-0.20.2.tgz#4baee39436e34aa93b4874bddcbf0fe8b8b50e91"
  integrity sha512-2eWfGgAqqWFGqtdMmcL5zCMK1U8KlXv8SQFGglL3CEtd0aDVDWgeF/YoCmvln55m5zSk3J/20hTaSBeSObsQDQ==
  dependencies:
    loose-envify "^1.1.0"
    object-assign "^4.1.1"

semantic-ui-css@^2.4.1:
  version "2.4.1"
  resolved "https://registry.yarnpkg.com/semantic-ui-css/-/semantic-ui-css-2.4.1.tgz#f5aea39fafb787cbd905ec724272a3f9cba9004a"
  integrity sha512-Pkp0p9oWOxlH0kODx7qFpIRYpK1T4WJOO4lNnpNPOoWKCrYsfHqYSKgk5fHfQtnWnsAKy7nLJMW02bgDWWFZFg==
  dependencies:
    jquery x.*

semantic-ui-react@^2.1.2:
  version "2.1.2"
  resolved "https://registry.yarnpkg.com/semantic-ui-react/-/semantic-ui-react-2.1.2.tgz#cfd3facd3029f2ded3237e1c7b001ca62565e03a"
  integrity sha512-NG7qMUi2Ab2gPWzOnGyBO9Ao2tjf9MZjjMMPbmg8uEUcEFm+z1QPqCKhW+eYMiZekH8L9azw9M+hzoTIB1lZgQ==
  dependencies:
    "@babel/runtime" "^7.10.5"
    "@fluentui/react-component-event-listener" "~0.51.6"
    "@fluentui/react-component-ref" "~0.51.6"
    "@popperjs/core" "^2.6.0"
    "@semantic-ui-react/event-stack" "^3.1.2"
    clsx "^1.1.1"
    keyboard-key "^1.1.0"
    lodash "^4.17.21"
    lodash-es "^4.17.21"
    prop-types "^15.7.2"
    react-is "^16.8.6 || ^17.0.0"
    react-popper "^2.2.4"
    shallowequal "^1.1.0"

shallowequal@^1.1.0:
  version "1.1.0"
  resolved "https://registry.yarnpkg.com/shallowequal/-/shallowequal-1.1.0.tgz#188d521de95b9087404fd4dcb68b13df0ae4e7f8"
  integrity sha512-y0m1JoUZSlPAjXVtPPW70aZWfIL/dSP7AFkRnniLCrK/8MDKog3TySTBmckD+RObVxH0v4Tox67+F14PdED2oQ==

source-map-js@^1.0.1:
  version "1.0.2"
  resolved "https://registry.yarnpkg.com/source-map-js/-/source-map-js-1.0.2.tgz#adbc361d9c62df380125e7f161f71c826f1e490c"
  integrity sha512-R0XvVJ9WusLiqTCEiGCmICCMplcCkIwwR11mOSD9CR5u+IXYdiseeEuXCVAjS54zqwkLcPNnmU4OeJ6tUrWhDw==

styled-jsx@5.0.0:
  version "5.0.0"
  resolved "https://registry.yarnpkg.com/styled-jsx/-/styled-jsx-5.0.0.tgz#816b4b92e07b1786c6b7111821750e0ba4d26e77"
  integrity sha512-qUqsWoBquEdERe10EW8vLp3jT25s/ssG1/qX5gZ4wu15OZpmSMFI2v+fWlRhLfykA5rFtlJ1ME8A8pm/peV4WA==

trouter@^3.2.0:
  version "3.2.0"
  resolved "https://registry.yarnpkg.com/trouter/-/trouter-3.2.0.tgz#a9c510fce21b8e659a28732c9de9d82871efe8df"
  integrity sha512-rLLXbhTObLy2MBVjLC+jTnoIKw99n0GuJs9ov10J870vDw5qhTurPzsDrudNtBf5w/CZ9ctZy2p2IMmhGcel2w==
  dependencies:
    regexparam "^1.3.0"

uncontrollable@^7.0.0:
  version "7.2.1"
  resolved "https://registry.yarnpkg.com/uncontrollable/-/uncontrollable-7.2.1.tgz#1fa70ba0c57a14d5f78905d533cf63916dc75738"
  integrity sha512-svtcfoTADIB0nT9nltgjujTi7BzVmwjZClOmskKu/E8FW9BXzg9os8OLr4f8Dlnk0rYWJIWr4wv9eKUXiQvQwQ==
  dependencies:
    "@babel/runtime" "^7.6.3"
    "@types/react" ">=16.9.11"
    invariant "^2.2.4"
    react-lifecycles-compat "^3.0.4"

unload@2.2.0:
  version "2.2.0"
  resolved "https://registry.yarnpkg.com/unload/-/unload-2.2.0.tgz#ccc88fdcad345faa06a92039ec0f80b488880ef7"
  integrity sha512-B60uB5TNBLtN6/LsgAf3udH9saB5p7gqJwcFfbOEZ8BcBHnGwCf6G/TGiEqkRAxX7zAFIUtzdrXQSdL3Q/wqNA==
  dependencies:
    "@babel/runtime" "^7.6.2"
    detect-node "^2.0.4"

use-subscription@1.5.1:
  version "1.5.1"
  resolved "https://registry.yarnpkg.com/use-subscription/-/use-subscription-1.5.1.tgz#73501107f02fad84c6dd57965beb0b75c68c42d1"
  integrity sha512-Xv2a1P/yReAjAbhylMfFplFKj9GssgTwN7RlcTxBujFQcloStWNDQdc4g4NRWH9xS4i/FDk04vQBptAXoF3VcA==
  dependencies:
    object-assign "^4.1.1"

uuid@^8.3.2:
  version "8.3.2"
  resolved "https://registry.yarnpkg.com/uuid/-/uuid-8.3.2.tgz#80d5b5ced271bb9af6c445f21a1a04c606cefbe2"
  integrity sha512-+NYs2QeMWy+GWFOEm9xnn6HCDp0l7QBD7ml8zLUmJ+93Q5NF0NocErnwkTkXVFNiX3/fpC6afS8Dhb/gz7R7eg==

warning@^4.0.2, warning@^4.0.3:
  version "4.0.3"
  resolved "https://registry.yarnpkg.com/warning/-/warning-4.0.3.tgz#16e9e077eb8a86d6af7d64aa1e05fd85b4678ca3"
  integrity sha512-rpJyN222KWIvHJ/F53XSZv0Zl/accqHR8et1kpaMTD/fLCRxtV8iX8czMzY7sVZupTI3zcUTg8eycS2kNF9l6w==
  dependencies:
    loose-envify "^1.0.0"

wrappy@1:
  version "1.0.2"
  resolved "https://registry.yarnpkg.com/wrappy/-/wrappy-1.0.2.tgz#b5243d8f3ec1aa35f1364605bc0d1036e30ab69f"
  integrity sha1-tSQ9jz7BqjXxNkYFvA0QNuMKtp8=

yallist@^4.0.0:
  version "4.0.0"
  resolved "https://registry.yarnpkg.com/yallist/-/yallist-4.0.0.tgz#9bb92790d9c0effec63be73519e11a35019a3a72"
  integrity sha512-3wdGidZyq5PB084XLES5TpOSRA3wjXAlIWMhum2kRcv/41Sn2emQ0dycQW4uZXLejwKvg6EsvbdlVL+FYEct7A==
